lockfileVersion: 5.4

importers:

  .:
    specifiers:
      typescript: ^5.3.3
    devDependencies:
      typescript: 5.3.3

  packages/openinference-semantic-conventions:
    specifiers: {}

packages:

  /typescript/5.3.3:
    resolution: {integrity: sha512-pXWcraxM0uxAS+tN0AG/BF2TyqmHO014Z070UsJ+pFvYuRSq8KH8DmWpnbXe0pEPDHXZV3FcAbJkijJ5oNEnWw==}
    engines: {node: '>=14.17'}
    hasBin: true
    dev: true
